
Microsoft Visual Studio Solution File, Format Version 12.00
# Visual Studio Version 17
VisualStudioVersion = 17.14.36301.6 d17.14
MinimumVisualStudioVersion = 10.0.40219.1
Project("{FAE04EC0-301F-11D3-BF4B-00C04F79EFBC}") = "HMS", "HMS\HMS.csproj", "{96B9F907-F207-4C5C-B948-D7742175E4C9}"
EndProject
Global
	GlobalSection(SolutionConfigurationPlatforms) = preSolution
		Debug|Any CPU = Debug|Any CPU
		Release|Any CPU = Release|Any CPU
	EndGlobalSection
	GlobalSection(ProjectConfigurationPlatforms) = postSolution
		{96B9F907-F207-4C5C-B948-D7742175E4C9}.Debug|Any CPU.ActiveCfg = Debug|Any CPU
		{96B9F907-F207-4C5C-B948-D7742175E4C9}.Debug|Any CPU.Build.0 = Debug|Any CPU
		{96B9F907-F207-4C5C-B948-D7742175E4C9}.Release|Any CPU.ActiveCfg = Release|Any CPU
		{96B9F907-F207-4C5C-B948-D7742175E4C9}.Release|Any CPU.Build.0 = Release|Any CPU
	EndGlobalSection
	GlobalSection(SolutionProperties) = preSolution
		HideSolutionNode = FALSE
	EndGlobalSection
	GlobalSection(ExtensibilityGlobals) = postSolution
		SolutionGuid = {EE2D6C0A-85DE-4553-9A4C-4CCF04790FB3}
	EndGlobalSection
EndGlobal
